// !$*UTF8*$!
{
	archiveVersion = 1;
	classes = {
	};
	objectVersion = 56;
	objects = {

/* Begin PBXBuildFile section */
		5B4F51A12C874FEC0064AF7C /* MemoriesMapApp.swift in Sources */ = {isa = PBXBuildFile; fileRef = 5B4F51A02C874FEC0064AF7C /* MemoriesMapApp.swift */; };
		5B4F51A82C874FED0064AF7C /* Preview Assets.xcassets in Resources */ = {isa = PBXBuildFile; fileRef = 5B4F51A72C874FED0064AF7C /* Preview Assets.xcassets */; };
		5B4F51B02C8750BF0064AF7C /* LocationsDataService.swift in Sources */ = {isa = PBXBuildFile; fileRef = 5B4F51AE2C8750BF0064AF7C /* LocationsDataService.swift */; };
		5B4F51B12C8750BF0064AF7C /* Assets.xcassets in Resources */ = {isa = PBXBuildFile; fileRef = 5B4F51AF2C8750BF0064AF7C /* Assets.xcassets */; };
		5B4F51B82C8753880064AF7C /* Location.swift in Sources */ = {isa = PBXBuildFile; fileRef = 5B4F51B72C8753880064AF7C /* Location.swift */; };
		5B4F51BA2C87557F0064AF7C /* LocationsView.swift in Sources */ = {isa = PBXBuildFile; fileRef = 5B4F51B92C87557F0064AF7C /* LocationsView.swift */; };
		5B4F51BC2C87586D0064AF7C /* LocationsViewModel.swift in Sources */ = {isa = PBXBuildFile; fileRef = 5B4F51BB2C87586D0064AF7C /* LocationsViewModel.swift */; };
/* End PBXBuildFile section */

/* Begin PBXFileReference section */
		5B4F519D2C874FEC0064AF7C /* MemoriesMap.app */ = {isa = PBXFileReference; explicitFileType = wrapper.application; includeInIndex = 0; path = MemoriesMap.app; sourceTree = BUILT_PRODUCTS_DIR; };
		5B4F51A02C874FEC0064AF7C /* MemoriesMapApp.swift */ = {isa = PBXFileReference; lastKnownFileType = sourcecode.swift; path = MemoriesMapApp.swift; sourceTree = "<group>"; };
		5B4F51A72C874FED0064AF7C /* Preview Assets.xcassets */ = {isa = PBXFileReference; lastKnownFileType = folder.assetcatalog; path = "Preview Assets.xcassets"; sourceTree = "<group>"; };
		5B4F51AE2C8750BF0064AF7C /* LocationsDataService.swift */ = {isa = PBXFileReference; fileEncoding = 4; lastKnownFileType = sourcecode.swift; path = LocationsDataService.swift; sourceTree = "<group>"; };
		5B4F51AF2C8750BF0064AF7C /* Assets.xcassets */ = {isa = PBXFileReference; lastKnownFileType = folder.assetcatalog; name = Assets.xcassets; path = "../../../../../Downloads/b6dc374-3b0b-6bdc-3b7f-f7ce4c005a_SwiftfulMapApp-Downloads/Assets.xcassets"; sourceTree = "<group>"; };
		5B4F51B72C8753880064AF7C /* Location.swift */ = {isa = PBXFileReference; lastKnownFileType = sourcecode.swift; path = Location.swift; sourceTree = "<group>"; };
		5B4F51B92C87557F0064AF7C /* LocationsView.swift */ = {isa = PBXFileReference; lastKnownFileType = sourcecode.swift; path = LocationsView.swift; sourceTree = "<group>"; };
		5B4F51BB2C87586D0064AF7C /* LocationsViewModel.swift */ = {isa = PBXFileReference; lastKnownFileType = sourcecode.swift; path = LocationsViewModel.swift; sourceTree = "<group>"; };
/* End PBXFileReference section */

/* Begin PBXFrameworksBuildPhase section */
		5B4F519A2C874FEC0064AF7C /* Frameworks */ = {
			isa = PBXFrameworksBuildPhase;
			buildActionMask = 2147483647;
			files = (
			);
			runOnlyForDeploymentPostprocessing = 0;
		};
/* End PBXFrameworksBuildPhase section */

/* Begin PBXGroup section */
		5B4F51942C874FEC0064AF7C = {
			isa = PBXGroup;
			children = (
				5B4F519F2C874FEC0064AF7C /* MemoriesMap */,
				5B4F519E2C874FEC0064AF7C /* Products */,
			);
			sourceTree = "<group>";
		};
		5B4F519E2C874FEC0064AF7C /* Products */ = {
			isa = PBXGroup;
			children = (
				5B4F519D2C874FEC0064AF7C /* MemoriesMap.app */,
			);
			name = Products;
			sourceTree = "<group>";
		};
		5B4F519F2C874FEC0064AF7C /* MemoriesMap */ = {
			isa = PBXGroup;
			children = (
				5B4F51B52C87533C0064AF7C /* DataServices */,
				5B4F51AF2C8750BF0064AF7C /* Assets.xcassets */,
				5B4F51A02C874FEC0064AF7C /* MemoriesMapApp.swift */,
				5B4F51B32C87532E0064AF7C /* Models */,
				5B4F51B22C8753200064AF7C /* Views */,
				5B4F51B42C8753350064AF7C /* ViewModels */,
				5B4F51A62C874FED0064AF7C /* Preview Content */,
			);
			path = MemoriesMap;
			sourceTree = "<group>";
		};
		5B4F51A62C874FED0064AF7C /* Preview Content */ = {
			isa = PBXGroup;
			children = (
				5B4F51A72C874FED0064AF7C /* Preview Assets.xcassets */,
			);
			path = "Preview Content";
			sourceTree = "<group>";
		};
		5B4F51B22C8753200064AF7C /* Views */ = {
			isa = PBXGroup;
			children = (
				5B4F51B92C87557F0064AF7C /* LocationsView.swift */,
			);
			path = Views;
			sourceTree = "<group>";
		};
		5B4F51B32C87532E0064AF7C /* Models */ = {
			isa = PBXGroup;
			children = (
				5B4F51B72C8753880064AF7C /* Location.swift */,
			);
			path = Models;
			sourceTree = "<group>";
		};
		5B4F51B42C8753350064AF7C /* ViewModels */ = {
			isa = PBXGroup;
			children = (
				5B4F51BB2C87586D0064AF7C /* LocationsViewModel.swift */,
			);
			path = ViewModels;
			sourceTree = "<group>";
		};
		5B4F51B52C87533C0064AF7C /* DataServices */ = {
			isa = PBXGroup;
			children = (
				5B4F51AE2C8750BF0064AF7C /* LocationsDataService.swift */,
			);
			path = DataServices;
			sourceTree = "<group>";
		};
/* End PBXGroup section */

/* Begin PBXNativeTarget section */
		5B4F519C2C874FEC0064AF7C /* MemoriesMap */ = {
			isa = PBXNativeTarget;
			buildConfigurationList = 5B4F51AB2C874FED0064AF7C /* Build configuration list for PBXNativeTarget "MemoriesMap" */;
			buildPhases = (
				5B4F51992C874FEC0064AF7C /* Sources */,
				5B4F519A2C874FEC0064AF7C /* Frameworks */,
				5B4F519B2C874FEC0064AF7C /* Resources */,
			);
			buildRules = (
			);
			dependencies = (
			);
			name = MemoriesMap;
			productName = MemoriesMap;
			productReference = 5B4F519D2C874FEC0064AF7C /* MemoriesMap.app */;
			productType = "com.apple.product-type.application";
		};
/* End PBXNativeTarget section */

/* Begin PBXProject section */
		5B4F51952C874FEC0064AF7C /* Project object */ = {
			isa = PBXProject;
			attributes = {
				BuildIndependentTargetsInParallel = 1;
				LastSwiftUpdateCheck = 1540;
				LastUpgradeCheck = 1540;
				TargetAttributes = {
					5B4F519C2C874FEC0064AF7C = {
						CreatedOnToolsVersion = 15.4;
					};
				};
			};
			buildConfigurationList = 5B4F51982C874FEC0064AF7C /* Build configuration list for PBXProject "MemoriesMap" */;
			compatibilityVersion = "Xcode 14.0";
			developmentRegion = en;
			hasScannedForEncodings = 0;
			knownRegions = (
				en,
				Base,
			);
			mainGroup = 5B4F51942C874FEC0064AF7C;
			productRefGroup = 5B4F519E2C874FEC0064AF7C /* Products */;
			projectDirPath = "";
			projectRoot = "";
			targets = (
				5B4F519C2C874FEC0064AF7C /* MemoriesMap */,
			);
		};
/* End PBXProject section */

/* Begin PBXResourcesBuildPhase section */
		5B4F519B2C874FEC0064AF7C /* Resources */ = {
			isa = PBXResourcesBuildPhase;
			buildActionMask = 2147483647;
			files = (
				5B4F51A82C874FED0064AF7C /* Preview Assets.xcassets in Resources */,
				5B4F51B12C8750BF0064AF7C /* Assets.xcassets in Resources */,
			);
			runOnlyForDeploymentPostprocessing = 0;
		};
/* End PBXResourcesBuildPhase section */

/* Begin PBXSourcesBuildPhase section */
		5B4F51992C874FEC0064AF7C /* Sources */ = {
			isa = PBXSourcesBuildPhase;
			buildActionMask = 2147483647;
			files = (
				5B4F51BC2C87586D0064AF7C /* LocationsViewModel.swift in Sources */,
				5B4F51A12C874FEC0064AF7C /* MemoriesMapApp.swift in Sources */,
				5B4F51BA2C87557F0064AF7C /* LocationsView.swift in Sources */,
				5B4F51B82C8753880064AF7C /* Location.swift in Sources */,
				5B4F51B02C8750BF0064AF7C /* LocationsDataService.swift in Sources */,
			);
			runOnlyForDeploymentPostprocessing = 0;
		};
/* End PBXSourcesBuildPhase section */

/* Begin XCBuildConfiguration section */
		5B4F51A92C874FED0064AF7C /* Debug */ = {
			isa = XCBuildConfiguration;
			buildSettings = {
				ALWAYS_SEARCH_USER_PATHS = NO;
				ASSETCATALOG_COMPILER_GENERATE_SWIFT_ASSET_SYMBOL_EXTENSIONS = YES;
				CLANG_ANALYZER_NONNULL = YES;
				CLANG_ANALYZER_NUMBER_OBJECT_CONVERSION = YES_AGGRESSIVE;
				CLANG_CXX_LANGUAGE_STANDARD = "gnu++20";
				CLANG_ENABLE_MODULES = YES;
				CLANG_ENABLE_OBJC_ARC = YES;
				CLANG_ENABLE_OBJC_WEAK = YES;
				CLANG_WARN_BLOCK_CAPTURE_AUTORELEASING = YES;
				CLANG_WARN_BOOL_CONVERSION = YES;
				CLANG_WARN_COMMA = YES;
				CLANG_WARN_CONSTANT_CONVERSION = YES;
				CLANG_WARN_DEPRECATED_OBJC_IMPLEMENTATIONS = YES;
				CLANG_WARN_DIRECT_OBJC_ISA_USAGE = YES_ERROR;
				CLANG_WARN_DOCUMENTATION_COMMENTS = YES;
				CLANG_WARN_EMPTY_BODY = YES;
				CLANG_WARN_ENUM_CONVERSION = YES;
				CLANG_WARN_INFINITE_RECURSION = YES;
				CLANG_WARN_INT_CONVERSION = YES;
				CLANG_WARN_NON_LITERAL_NULL_CONVERSION = YES;
				CLANG_WARN_OBJC_IMPLICIT_RETAIN_SELF = YES;
				CLANG_WARN_OBJC_LITERAL_CONVERSION = YES;
				CLANG_WARN_OBJC_ROOT_CLASS = YES_ERROR;
				CLANG_WARN_QUOTED_INCLUDE_IN_FRAMEWORK_HEADER = YES;
				CLANG_WARN_RANGE_LOOP_ANALYSIS = YES;
				CLANG_WARN_STRICT_PROTOTYPES = YES;
				CLANG_WARN_SUSPICIOUS_MOVE = YES;
				CLANG_WARN_UNGUARDED_AVAILABILITY = YES_AGGRESSIVE;
				CLANG_WARN_UNREACHABLE_CODE = YES;
				CLANG_WARN__DUPLICATE_METHOD_MATCH = YES;
				COPY_PHASE_STRIP = NO;
				DEBUG_INFORMATION_FORMAT = dwarf;
				ENABLE_STRICT_OBJC_MSGSEND = YES;
				ENABLE_TESTABILITY = YES;
				ENABLE_USER_SCRIPT_SANDBOXING = YES;
				GCC_C_LANGUAGE_STANDARD = gnu17;
				GCC_DYNAMIC_NO_PIC = NO;
				GCC_NO_COMMON_BLOCKS = YES;
				GCC_OPTIMIZATION_LEVEL = 0;
				GCC_PREPROCESSOR_DEFINITIONS = (
					"DEBUG=1",
					"$(inherited)",
				);
				GCC_WARN_64_TO_32_BIT_CONVERSION = YES;
				GCC_WARN_ABOUT_RETURN_TYPE = YES_ERROR;
				GCC_WARN_UNDECLARED_SELECTOR = YES;
				GCC_WARN_UNINITIALIZED_AUTOS = YES_AGGRESSIVE;
				GCC_WARN_UNUSED_FUNCTION = YES;
				GCC_WARN_UNUSED_VARIABLE = YES;
				IPHONEOS_DEPLOYMENT_TARGET = 17.5;
				LOCALIZATION_PREFERS_STRING_CATALOGS = YES;
				MTL_ENABLE_DEBUG_INFO = INCLUDE_SOURCE;
				MTL_FAST_MATH = YES;
				ONLY_ACTIVE_ARCH = YES;
				SDKROOT = iphoneos;
				SWIFT_ACTIVE_COMPILATION_CONDITIONS = "DEBUG $(inherited)";
				SWIFT_OPTIMIZATION_LEVEL = "-Onone";
			};
			name = Debug;
		};
		5B4F51AA2C874FED0064AF7C /* Release */ = {
			isa = XCBuildConfiguration;
			buildSettings = {
				ALWAYS_SEARCH_USER_PATHS = NO;
				ASSETCATALOG_COMPILER_GENERATE_SWIFT_ASSET_SYMBOL_EXTENSIONS = YES;
				CLANG_ANALYZER_NONNULL = YES;
				CLANG_ANALYZER_NUMBER_OBJECT_CONVERSION = YES_AGGRESSIVE;
				CLANG_CXX_LANGUAGE_STANDARD = "gnu++20";
				CLANG_ENABLE_MODULES = YES;
				CLANG_ENABLE_OBJC_ARC = YES;
				CLANG_ENABLE_OBJC_WEAK = YES;
				CLANG_WARN_BLOCK_CAPTURE_AUTORELEASING = YES;
				CLANG_WARN_BOOL_CONVERSION = YES;
				CLANG_WARN_COMMA = YES;
				CLANG_WARN_CONSTANT_CONVERSION = YES;
				CLANG_WARN_DEPRECATED_OBJC_IMPLEMENTATIONS = YES;
				CLANG_WARN_DIRECT_OBJC_ISA_USAGE = YES_ERROR;
				CLANG_WARN_DOCUMENTATION_COMMENTS = YES;
				CLANG_WARN_EMPTY_BODY = YES;
				CLANG_WARN_ENUM_CONVERSION = YES;
				CLANG_WARN_INFINITE_RECURSION = YES;
				CLANG_WARN_INT_CONVERSION = YES;
				CLANG_WARN_NON_LITERAL_NULL_CONVERSION = YES;
				CLANG_WARN_OBJC_IMPLICIT_RETAIN_SELF = YES;
				CLANG_WARN_OBJC_LITERAL_CONVERSION = YES;
				CLANG_WARN_OBJC_ROOT_CLASS = YES_ERROR;
				CLANG_WARN_QUOTED_INCLUDE_IN_FRAMEWORK_HEADER = YES;
				CLANG_WARN_RANGE_LOOP_ANALYSIS = YES;
				CLANG_WARN_STRICT_PROTOTYPES = YES;
				CLANG_WARN_SUSPICIOUS_MOVE = YES;
				CLANG_WARN_UNGUARDED_AVAILABILITY = YES_AGGRESSIVE;
				CLANG_WARN_UNREACHABLE_CODE = YES;
				CLANG_WARN__DUPLICATE_METHOD_MATCH = YES;
				COPY_PHASE_STRIP = NO;
				DEBUG_INFORMATION_FORMAT = "dwarf-with-dsym";
				ENABLE_NS_ASSERTIONS = NO;
				ENABLE_STRICT_OBJC_MSGSEND = YES;
				ENABLE_USER_SCRIPT_SANDBOXING = YES;
				GCC_C_LANGUAGE_STANDARD = gnu17;
				GCC_NO_COMMON_BLOCKS = YES;
				GCC_WARN_64_TO_32_BIT_CONVERSION = YES;
				GCC_WARN_ABOUT_RETURN_TYPE = YES_ERROR;
				GCC_WARN_UNDECLARED_SELECTOR = YES;
				GCC_WARN_UNINITIALIZED_AUTOS = YES_AGGRESSIVE;
				GCC_WARN_UNUSED_FUNCTION = YES;
				GCC_WARN_UNUSED_VARIABLE = YES;
				IPHONEOS_DEPLOYMENT_TARGET = 17.5;
				LOCALIZATION_PREFERS_STRING_CATALOGS = YES;
				MTL_ENABLE_DEBUG_INFO = NO;
				MTL_FAST_MATH = YES;
				SDKROOT = iphoneos;
				SWIFT_COMPILATION_MODE = wholemodule;
				VALIDATE_PRODUCT = YES;
			};
			name = Release;
		};
		5B4F51AC2C874FED0064AF7C /* Debug */ = {
			isa = XCBuildConfiguration;
			buildSettings = {
				ASSETCATALOG_COMPILER_APPICON_NAME = AppIcon;
				ASSETCATALOG_COMPILER_GLOBAL_ACCENT_COLOR_NAME = AccentColor;
				CODE_SIGN_STYLE = Automatic;
				CURRENT_PROJECT_VERSION = 1;
				DEVELOPMENT_ASSET_PATHS = "\"MemoriesMap/Preview Content\"";
				DEVELOPMENT_TEAM = M3L363G2GC;
				ENABLE_PREVIEWS = YES;
				GENERATE_INFOPLIST_FILE = YES;
				INFOPLIST_KEY_UIApplicationSceneManifest_Generation = YES;
				INFOPLIST_KEY_UIApplicationSupportsIndirectInputEvents = YES;
				INFOPLIST_KEY_UILaunchScreen_Generation = YES;
				INFOPLIST_KEY_UISupportedInterfaceOrientations_iPad = "UIInterfaceOrientationPortrait UIInterfaceOrientationPortraitUpsideDown UIInterfaceOrientationLandscapeLeft UIInterfaceOrientationLandscapeRight";
				INFOPLIST_KEY_UISupportedInterfaceOrientations_iPhone = "UIInterfaceOrientationPortrait UIInterfaceOrientationLandscapeLeft UIInterfaceOrientationLandscapeRight";
				LD_RUNPATH_SEARCH_PATHS = (
					"$(inherited)",
					"@executable_path/Frameworks",
				);
				MARKETING_VERSION = 1.0;
				PRODUCT_BUNDLE_IDENTIFIER = com.nadeem.MemoriesMap;
				PRODUCT_NAME = "$(TARGET_NAME)";
				SWIFT_EMIT_LOC_STRINGS = YES;
				SWIFT_VERSION = 5.0;
				TARGETED_DEVICE_FAMILY = "1,2";
			};
			name = Debug;
		};
		5B4F51AD2C874FED0064AF7C /* Release */ = {
			isa = XCBuildConfiguration;
			buildSettings = {
				ASSETCATALOG_COMPILER_APPICON_NAME = AppIcon;
				ASSETCATALOG_COMPILER_GLOBAL_ACCENT_COLOR_NAME = AccentColor;
				CODE_SIGN_STYLE = Automatic;
				CURRENT_PROJECT_VERSION = 1;
				DEVELOPMENT_ASSET_PATHS = "\"MemoriesMap/Preview Content\"";
				DEVELOPMENT_TEAM = M3L363G2GC;
				ENABLE_PREVIEWS = YES;
				GENERATE_INFOPLIST_FILE = YES;
				INFOPLIST_KEY_UIApplicationSceneManifest_Generation = YES;
				INFOPLIST_KEY_UIApplicationSupportsIndirectInputEvents = YES;
				INFOPLIST_KEY_UILaunchScreen_Generation = YES;
				INFOPLIST_KEY_UISupportedInterfaceOrientations_iPad = "UIInterfaceOrientationPortrait UIInterfaceOrientationPortraitUpsideDown UIInterfaceOrientationLandscapeLeft UIInterfaceOrientationLandscapeRight";
				INFOPLIST_KEY_UISupportedInterfaceOrientations_iPhone = "UIInterfaceOrientationPortrait UIInterfaceOrientationLandscapeLeft UIInterfaceOrientationLandscapeRight";
				LD_RUNPATH_SEARCH_PATHS = (
					"$(inherited)",
					"@executable_path/Frameworks",
				);
				MARKETING_VERSION = 1.0;
				PRODUCT_BUNDLE_IDENTIFIER = com.nadeem.MemoriesMap;
				PRODUCT_NAME = "$(TARGET_NAME)";
				SWIFT_EMIT_LOC_STRINGS = YES;
				SWIFT_VERSION = 5.0;
				TARGETED_DEVICE_FAMILY = "1,2";
			};
			name = Release;
		};
/* End XCBuildConfiguration section */

/* Begin XCConfigurationList section */
		5B4F51982C874FEC0064AF7C /* Build configuration list for PBXProject "MemoriesMap" */ = {
			isa = XCConfigurationList;
			buildConfigurations = (
				5B4F51A92C874FED0064AF7C /* Debug */,
				5B4F51AA2C874FED0064AF7C /* Release */,
			);
			defaultConfigurationIsVisible = 0;
			defaultConfigurationName = Release;
		};
		5B4F51AB2C874FED0064AF7C /* Build configuration list for PBXNativeTarget "MemoriesMap" */ = {
			isa = XCConfigurationList;
			buildConfigurations = (
				5B4F51AC2C874FED0064AF7C /* Debug */,
				5B4F51AD2C874FED0064AF7C /* Release */,
			);
			defaultConfigurationIsVisible = 0;
			defaultConfigurationName = Release;
		};
/* End XCConfigurationList section */
	};
	rootObject = 5B4F51952C874FEC0064AF7C /* Project object */;
}
